// !$*UTF8*$!
{
	archiveVersion = 1;
	classes = {
	};
	objectVersion = 55;
	objects = {

/* Begin PBXBuildFile section */
		375275AC57C6051A3B421098 /* Pods_Clone_Starbucks.framework in Frameworks */ = {isa = PBXBuildFile; fileRef = AF351A748B2938A61E560DCA /* Pods_Clone_Starbucks.framework */; };
		870F4B222858D61600A3F9DF /* AppDelegate.swift in Sources */ = {isa = PBXBuildFile; fileRef = 870F4B212858D61600A3F9DF /* AppDelegate.swift */; };
		870F4B242858D61600A3F9DF /* SceneDelegate.swift in Sources */ = {isa = PBXBuildFile; fileRef = 870F4B232858D61600A3F9DF /* SceneDelegate.swift */; };
		870F4B292858D61600A3F9DF /* Main.storyboard in Resources */ = {isa = PBXBuildFile; fileRef = 870F4B272858D61600A3F9DF /* Main.storyboard */; };
		870F4B2B2858D61700A3F9DF /* Assets.xcassets in Resources */ = {isa = PBXBuildFile; fileRef = 870F4B2A2858D61700A3F9DF /* Assets.xcassets */; };
		870F4B2E2858D61700A3F9DF /* LaunchScreen.storyboard in Resources */ = {isa = PBXBuildFile; fileRef = 870F4B2C2858D61700A3F9DF /* LaunchScreen.storyboard */; };
		87209603285DA8AD00591385 /* OrderCartViewController.swift in Sources */ = {isa = PBXBuildFile; fileRef = 87209602285DA8AD00591385 /* OrderCartViewController.swift */; };
		87209606285DC1BC00591385 /* OrderCartTableViewCell.swift in Sources */ = {isa = PBXBuildFile; fileRef = 87209604285DC1BC00591385 /* OrderCartTableViewCell.swift */; };
		87209607285DC1BC00591385 /* OrderCartTableViewCell.xib in Resources */ = {isa = PBXBuildFile; fileRef = 87209605285DC1BC00591385 /* OrderCartTableViewCell.xib */; };
		87209609285DC94400591385 /* OrderDataModel.swift in Sources */ = {isa = PBXBuildFile; fileRef = 87209608285DC94400591385 /* OrderDataModel.swift */; };
		875ADC9F28599C6B00090308 /* HomeViewController.swift in Sources */ = {isa = PBXBuildFile; fileRef = 875ADC9E28599C6B00090308 /* HomeViewController.swift */; };
		875ADCA22859B60C00090308 /* NewCollectionViewCell.swift in Sources */ = {isa = PBXBuildFile; fileRef = 875ADCA02859B60C00090308 /* NewCollectionViewCell.swift */; };
		875ADCA32859B60C00090308 /* NewCollectionViewCell.xib in Resources */ = {isa = PBXBuildFile; fileRef = 875ADCA12859B60C00090308 /* NewCollectionViewCell.xib */; };
		875ADCA72859BE4300090308 /* HomeNewsDataModel.swift in Sources */ = {isa = PBXBuildFile; fileRef = 875ADCA62859BE4300090308 /* HomeNewsDataModel.swift */; };
		875ADCBB285B747200090308 /* Extension.swift in Sources */ = {isa = PBXBuildFile; fileRef = 875ADCBA285B747200090308 /* Extension.swift */; };
		875ADCBF285B75BB00090308 /* OrderViewController.swift in Sources */ = {isa = PBXBuildFile; fileRef = 875ADCBE285B75BB00090308 /* OrderViewController.swift */; };
		875ADCC5285B790200090308 /* OrderMenuTableViewCell.swift in Sources */ = {isa = PBXBuildFile; fileRef = 875ADCC3285B790200090308 /* OrderMenuTableViewCell.swift */; };
		875ADCC8285B7B9A00090308 /* OrderMenuDataModel.swift in Sources */ = {isa = PBXBuildFile; fileRef = 875ADCC7285B7B9A00090308 /* OrderMenuDataModel.swift */; };
		875ADCC9285B826300090308 /* OrderMenuTableViewCell.xib in Resources */ = {isa = PBXBuildFile; fileRef = 875ADCC4285B790200090308 /* OrderMenuTableViewCell.xib */; };
		875ADCCB285B87C500090308 /* OrderDetailMenuViewController.swift in Sources */ = {isa = PBXBuildFile; fileRef = 875ADCCA285B87C500090308 /* OrderDetailMenuViewController.swift */; };
		875ADCCE285B892E00090308 /* OrderDetailMenuTableViewCell.swift in Sources */ = {isa = PBXBuildFile; fileRef = 875ADCCC285B892E00090308 /* OrderDetailMenuTableViewCell.swift */; };
		875ADCCF285B892E00090308 /* OrderDetailMenuTableViewCell.xib in Resources */ = {isa = PBXBuildFile; fileRef = 875ADCCD285B892E00090308 /* OrderDetailMenuTableViewCell.xib */; };
		875ADCD1285B8ABE00090308 /* OrderDetailMenuDataModel.swift in Sources */ = {isa = PBXBuildFile; fileRef = 875ADCD0285B8ABE00090308 /* OrderDetailMenuDataModel.swift */; };
		875ADCD3285B8D3A00090308 /* Protocol.swift in Sources */ = {isa = PBXBuildFile; fileRef = 875ADCD2285B8D3A00090308 /* Protocol.swift */; };
		875ADCD5285D568800090308 /* OrderSelectViewController.swift in Sources */ = {isa = PBXBuildFile; fileRef = 875ADCD4285D568800090308 /* OrderSelectViewController.swift */; };
		875ADCD7285D5A1A00090308 /* PaddingLabel.swift in Sources */ = {isa = PBXBuildFile; fileRef = 875ADCD6285D5A1A00090308 /* PaddingLabel.swift */; };
		875ADCD9285D709200090308 /* Constant.swift in Sources */ = {isa = PBXBuildFile; fileRef = 875ADCD8285D709200090308 /* Constant.swift */; };
		875ADCDB285D8AC200090308 /* OrderOrderViewController.swift in Sources */ = {isa = PBXBuildFile; fileRef = 875ADCDA285D8AC200090308 /* OrderOrderViewController.swift */; };
/* End PBXBuildFile section */

/* Begin PBXFileReference section */
		1D6669F8FF1A81D89AB4E5C6 /* Pods-Clone_Starbucks.release.xcconfig */ = {isa = PBXFileReference; includeInIndex = 1; lastKnownFileType = text.xcconfig; name = "Pods-Clone_Starbucks.release.xcconfig"; path = "Target Support Files/Pods-Clone_Starbucks/Pods-Clone_Starbucks.release.xcconfig"; sourceTree = "<group>"; };
		870F4B1E2858D61600A3F9DF /* Clone_Starbucks.app */ = {isa = PBXFileReference; explicitFileType = wrapper.application; includeInIndex = 0; path = Clone_Starbucks.app; sourceTree = BUILT_PRODUCTS_DIR; };
		870F4B212858D61600A3F9DF /* AppDelegate.swift */ = {isa = PBXFileReference; lastKnownFileType = sourcecode.swift; path = AppDelegate.swift; sourceTree = "<group>"; };
		870F4B232858D61600A3F9DF /* SceneDelegate.swift */ = {isa = PBXFileReference; lastKnownFileType = sourcecode.swift; path = SceneDelegate.swift; sourceTree = "<group>"; };
		870F4B282858D61600A3F9DF /* Base */ = {isa = PBXFileReference; lastKnownFileType = file.storyboard; name = Base; path = Base.lproj/Main.storyboard; sourceTree = "<group>"; };
		870F4B2A2858D61700A3F9DF /* Assets.xcassets */ = {isa = PBXFileReference; lastKnownFileType = folder.assetcatalog; path = Assets.xcassets; sourceTree = "<group>"; };
		870F4B2D2858D61700A3F9DF /* Base */ = {isa = PBXFileReference; lastKnownFileType = file.storyboard; name = Base; path = Base.lproj/LaunchScreen.storyboard; sourceTree = "<group>"; };
		870F4B2F2858D61700A3F9DF /* Info.plist */ = {isa = PBXFileReference; lastKnownFileType = text.plist.xml; path = Info.plist; sourceTree = "<group>"; };
		87209602285DA8AD00591385 /* OrderCartViewController.swift */ = {isa = PBXFileReference; lastKnownFileType = sourcecode.swift; path = OrderCartViewController.swift; sourceTree = "<group>"; };
		87209604285DC1BC00591385 /* OrderCartTableViewCell.swift */ = {isa = PBXFileReference; lastKnownFileType = sourcecode.swift; path = OrderCartTableViewCell.swift; sourceTree = "<group>"; };
		87209605285DC1BC00591385 /* OrderCartTableViewCell.xib */ = {isa = PBXFileReference; lastKnownFileType = file.xib; path = OrderCartTableViewCell.xib; sourceTree = "<group>"; };
		87209608285DC94400591385 /* OrderDataModel.swift */ = {isa = PBXFileReference; lastKnownFileType = sourcecode.swift; path = OrderDataModel.swift; sourceTree = "<group>"; };
		875ADC9E28599C6B00090308 /* HomeViewController.swift */ = {isa = PBXFileReference; lastKnownFileType = sourcecode.swift; path = HomeViewController.swift; sourceTree = "<group>"; };
		875ADCA02859B60C00090308 /* NewCollectionViewCell.swift */ = {isa = PBXFileReference; lastKnownFileType = sourcecode.swift; path = NewCollectionViewCell.swift; sourceTree = "<group>"; };
		875ADCA12859B60C00090308 /* NewCollectionViewCell.xib */ = {isa = PBXFileReference; lastKnownFileType = file.xib; path = NewCollectionViewCell.xib; sourceTree = "<group>"; };
		875ADCA62859BE4300090308 /* HomeNewsDataModel.swift */ = {isa = PBXFileReference; lastKnownFileType = sourcecode.swift; path = HomeNewsDataModel.swift; sourceTree = "<group>"; };
		875ADCBA285B747200090308 /* Extension.swift */ = {isa = PBXFileReference; lastKnownFileType = sourcecode.swift; path = Extension.swift; sourceTree = "<group>"; };
		875ADCBE285B75BB00090308 /* OrderViewController.swift */ = {isa = PBXFileReference; lastKnownFileType = sourcecode.swift; path = OrderViewController.swift; sourceTree = "<group>"; };
		875ADCC3285B790200090308 /* OrderMenuTableViewCell.swift */ = {isa = PBXFileReference; lastKnownFileType = sourcecode.swift; path = OrderMenuTableViewCell.swift; sourceTree = "<group>"; };
		875ADCC4285B790200090308 /* OrderMenuTableViewCell.xib */ = {isa = PBXFileReference; lastKnownFileType = file.xib; path = OrderMenuTableViewCell.xib; sourceTree = "<group>"; };
		875ADCC7285B7B9A00090308 /* OrderMenuDataModel.swift */ = {isa = PBXFileReference; lastKnownFileType = sourcecode.swift; path = OrderMenuDataModel.swift; sourceTree = "<group>"; };
		875ADCCA285B87C500090308 /* OrderDetailMenuViewController.swift */ = {isa = PBXFileReference; lastKnownFileType = sourcecode.swift; path = OrderDetailMenuViewController.swift; sourceTree = "<group>"; };
		875ADCCC285B892E00090308 /* OrderDetailMenuTableViewCell.swift */ = {isa = PBXFileReference; lastKnownFileType = sourcecode.swift; path = OrderDetailMenuTableViewCell.swift; sourceTree = "<group>"; };
		875ADCCD285B892E00090308 /* OrderDetailMenuTableViewCell.xib */ = {isa = PBXFileReference; lastKnownFileType = file.xib; path = OrderDetailMenuTableViewCell.xib; sourceTree = "<group>"; };
		875ADCD0285B8ABE00090308 /* OrderDetailMenuDataModel.swift */ = {isa = PBXFileReference; lastKnownFileType = sourcecode.swift; path = OrderDetailMenuDataModel.swift; sourceTree = "<group>"; };
		875ADCD2285B8D3A00090308 /* Protocol.swift */ = {isa = PBXFileReference; lastKnownFileType = sourcecode.swift; path = Protocol.swift; sourceTree = "<group>"; };
		875ADCD4285D568800090308 /* OrderSelectViewController.swift */ = {isa = PBXFileReference; lastKnownFileType = sourcecode.swift; path = OrderSelectViewController.swift; sourceTree = "<group>"; };
		875ADCD6285D5A1A00090308 /* PaddingLabel.swift */ = {isa = PBXFileReference; lastKnownFileType = sourcecode.swift; path = PaddingLabel.swift; sourceTree = "<group>"; };
		875ADCD8285D709200090308 /* Constant.swift */ = {isa = PBXFileReference; lastKnownFileType = sourcecode.swift; path = Constant.swift; sourceTree = "<group>"; };
		875ADCDA285D8AC200090308 /* OrderOrderViewController.swift */ = {isa = PBXFileReference; lastKnownFileType = sourcecode.swift; path = OrderOrderViewController.swift; sourceTree = "<group>"; };
		AF351A748B2938A61E560DCA /* Pods_Clone_Starbucks.framework */ = {isa = PBXFileReference; explicitFileType = wrapper.framework; includeInIndex = 0; path = Pods_Clone_Starbucks.framework; sourceTree = BUILT_PRODUCTS_DIR; };
		D4927BF8515DD614FFAB1C59 /* Pods-Clone_Starbucks.debug.xcconfig */ = {isa = PBXFileReference; includeInIndex = 1; lastKnownFileType = text.xcconfig; name = "Pods-Clone_Starbucks.debug.xcconfig"; path = "Target Support Files/Pods-Clone_Starbucks/Pods-Clone_Starbucks.debug.xcconfig"; sourceTree = "<group>"; };
/* End PBXFileReference section */

/* Begin PBXFrameworksBuildPhase section */
		870F4B1B2858D61600A3F9DF /* Frameworks */ = {
			isa = PBXFrameworksBuildPhase;
			buildActionMask = 2147483647;
			files = (
				375275AC57C6051A3B421098 /* Pods_Clone_Starbucks.framework in Frameworks */,
			);
			runOnlyForDeploymentPostprocessing = 0;
		};
/* End PBXFrameworksBuildPhase section */

/* Begin PBXGroup section */
		4CB3DFAEA7A8B976D84704A1 /* Frameworks */ = {
			isa = PBXGroup;
			children = (
				AF351A748B2938A61E560DCA /* Pods_Clone_Starbucks.framework */,
			);
			name = Frameworks;
			sourceTree = "<group>";
		};
		870F4B152858D61600A3F9DF = {
			isa = PBXGroup;
			children = (
				870F4B202858D61600A3F9DF /* Clone_Starbucks */,
				870F4B1F2858D61600A3F9DF /* Products */,
				DE0DC7B2804CCCDAB257C62F /* Pods */,
				4CB3DFAEA7A8B976D84704A1 /* Frameworks */,
			);
			sourceTree = "<group>";
		};
		870F4B1F2858D61600A3F9DF /* Products */ = {
			isa = PBXGroup;
			children = (
				870F4B1E2858D61600A3F9DF /* Clone_Starbucks.app */,
			);
			name = Products;
			sourceTree = "<group>";
		};
		870F4B202858D61600A3F9DF /* Clone_Starbucks */ = {
			isa = PBXGroup;
			children = (
				875ADCB9285B746600090308 /* Global */,
				870F4B36285957BD00A3F9DF /* Source */,
				870F4B35285957B200A3F9DF /* Resource */,
			);
			path = Clone_Starbucks;
			sourceTree = "<group>";
		};
		870F4B35285957B200A3F9DF /* Resource */ = {
			isa = PBXGroup;
			children = (
				870F4B2A2858D61700A3F9DF /* Assets.xcassets */,
				870F4B2F2858D61700A3F9DF /* Info.plist */,
			);
			path = Resource;
			sourceTree = "<group>";
		};
		870F4B36285957BD00A3F9DF /* Source */ = {
			isa = PBXGroup;
			children = (
				870F4B382859580E00A3F9DF /* Screen */,
				870F4B372859580100A3F9DF /* Support */,
			);
			path = Source;
			sourceTree = "<group>";
		};
		870F4B372859580100A3F9DF /* Support */ = {
			isa = PBXGroup;
			children = (
				870F4B2C2858D61700A3F9DF /* LaunchScreen.storyboard */,
				870F4B232858D61600A3F9DF /* SceneDelegate.swift */,
				870F4B212858D61600A3F9DF /* AppDelegate.swift */,
			);
			name = Support;
			path = ../Source/Support;
			sourceTree = "<group>";
		};
		870F4B382859580E00A3F9DF /* Screen */ = {
			isa = PBXGroup;
			children = (
				870F4B272858D61600A3F9DF /* Main.storyboard */,
				875ADCA82859F0FB00090308 /* Home */,
				875ADCBD285B759E00090308 /* Order */,
			);
			name = Screen;
			path = ../Source/Screen;
			sourceTree = "<group>";
		};
		875ADCA52859BE2E00090308 /* Model */ = {
			isa = PBXGroup;
			children = (
				875ADCA62859BE4300090308 /* HomeNewsDataModel.swift */,
			);
			path = Model;
			sourceTree = "<group>";
		};
		875ADCA82859F0FB00090308 /* Home */ = {
			isa = PBXGroup;
			children = (
				875ADCA52859BE2E00090308 /* Model */,
				875ADCA92859F10700090308 /* View */,
				875ADCAA2859F10F00090308 /* Controller */,
			);
			path = Home;
			sourceTree = "<group>";
		};
		875ADCA92859F10700090308 /* View */ = {
			isa = PBXGroup;
			children = (
				875ADCA02859B60C00090308 /* NewCollectionViewCell.swift */,
				875ADCA12859B60C00090308 /* NewCollectionViewCell.xib */,
			);
			path = View;
			sourceTree = "<group>";
		};
		875ADCAA2859F10F00090308 /* Controller */ = {
			isa = PBXGroup;
			children = (
				875ADC9E28599C6B00090308 /* HomeViewController.swift */,
			);
			path = Controller;
			sourceTree = "<group>";
		};
		875ADCB9285B746600090308 /* Global */ = {
			isa = PBXGroup;
			children = (
				875ADCBA285B747200090308 /* Extension.swift */,
				875ADCD2285B8D3A00090308 /* Protocol.swift */,
				875ADCD6285D5A1A00090308 /* PaddingLabel.swift */,
				875ADCD8285D709200090308 /* Constant.swift */,
			);
			path = Global;
			sourceTree = "<group>";
		};
		875ADCBD285B759E00090308 /* Order */ = {
			isa = PBXGroup;
			children = (
				875ADCC0285B78B900090308 /* Model */,
				875ADCC1285B78C000090308 /* View */,
				875ADCC2285B78C600090308 /* Controller */,
			);
			name = Order;
			path = Home/Order;
			sourceTree = "<group>";
		};
		875ADCC0285B78B900090308 /* Model */ = {
			isa = PBXGroup;
			children = (
				875ADCC7285B7B9A00090308 /* OrderMenuDataModel.swift */,
				875ADCD0285B8ABE00090308 /* OrderDetailMenuDataModel.swift */,
				87209608285DC94400591385 /* OrderDataModel.swift */,
			);
			path = Model;
			sourceTree = "<group>";
		};
		875ADCC1285B78C000090308 /* View */ = {
			isa = PBXGroup;
			children = (
				875ADCC3285B790200090308 /* OrderMenuTableViewCell.swift */,
				875ADCC4285B790200090308 /* OrderMenuTableViewCell.xib */,
				875ADCCC285B892E00090308 /* OrderDetailMenuTableViewCell.swift */,
				875ADCCD285B892E00090308 /* OrderDetailMenuTableViewCell.xib */,
				87209604285DC1BC00591385 /* OrderCartTableViewCell.swift */,
				87209605285DC1BC00591385 /* OrderCartTableViewCell.xib */,
			);
			path = View;
			sourceTree = "<group>";
		};
		875ADCC2285B78C600090308 /* Controller */ = {
			isa = PBXGroup;
			children = (
				875ADCBE285B75BB00090308 /* OrderViewController.swift */,
				875ADCCA285B87C500090308 /* OrderDetailMenuViewController.swift */,
				875ADCD4285D568800090308 /* OrderSelectViewController.swift */,
				875ADCDA285D8AC200090308 /* OrderOrderViewController.swift */,
				87209602285DA8AD00591385 /* OrderCartViewController.swift */,
			);
			path = Controller;
			sourceTree = "<group>";
		};
		DE0DC7B2804CCCDAB257C62F /* Pods */ = {
			isa = PBXGroup;
			children = (
				D4927BF8515DD614FFAB1C59 /* Pods-Clone_Starbucks.debug.xcconfig */,
				1D6669F8FF1A81D89AB4E5C6 /* Pods-Clone_Starbucks.release.xcconfig */,
			);
			name = Pods;
			path = Pods;
			sourceTree = "<group>";
		};
/* End PBXGroup section */

/* Begin PBXNativeTarget section */
		870F4B1D2858D61600A3F9DF /* Clone_Starbucks */ = {
			isa = PBXNativeTarget;
			buildConfigurationList = 870F4B322858D61700A3F9DF /* Build configuration list for PBXNativeTarget "Clone_Starbucks" */;
			buildPhases = (
				0C1D1DE57FC10E7D67CDAA03 /* [CP] Check Pods Manifest.lock */,
				870F4B1A2858D61600A3F9DF /* Sources */,
				870F4B1B2858D61600A3F9DF /* Frameworks */,
				870F4B1C2858D61600A3F9DF /* Resources */,
				8F4C15A40239006B1A6E2A4C /* [CP] Embed Pods Frameworks */,
			);
			buildRules = (
			);
			dependencies = (
			);
			name = Clone_Starbucks;
			productName = Clone_Starbucks;
			productReference = 870F4B1E2858D61600A3F9DF /* Clone_Starbucks.app */;
			productType = "com.apple.product-type.application";
		};
/* End PBXNativeTarget section */

/* Begin PBXProject section */
		870F4B162858D61600A3F9DF /* Project object */ = {
			isa = PBXProject;
			attributes = {
				BuildIndependentTargetsInParallel = 1;
				LastSwiftUpdateCheck = 1330;
				LastUpgradeCheck = 1330;
				TargetAttributes = {
					870F4B1D2858D61600A3F9DF = {
						CreatedOnToolsVersion = 13.3.1;
					};
				};
			};
			buildConfigurationList = 870F4B192858D61600A3F9DF /* Build configuration list for PBXProject "Clone_Starbucks" */;
			compatibilityVersion = "Xcode 13.0";
			developmentRegion = en;
			hasScannedForEncodings = 0;
			knownRegions = (
				en,
				Base,
			);
			mainGroup = 870F4B152858D61600A3F9DF;
			productRefGroup = 870F4B1F2858D61600A3F9DF /* Products */;
			projectDirPath = "";
			projectRoot = "";
			targets = (
				870F4B1D2858D61600A3F9DF /* Clone_Starbucks */,
			);
		};
/* End PBXProject section */

/* Begin PBXResourcesBuildPhase section */
		870F4B1C2858D61600A3F9DF /* Resources */ = {
			isa = PBXResourcesBuildPhase;
			buildActionMask = 2147483647;
			files = (
				870F4B2E2858D61700A3F9DF /* LaunchScreen.storyboard in Resources */,
				875ADCC9285B826300090308 /* OrderMenuTableViewCell.xib in Resources */,
				875ADCCF285B892E00090308 /* OrderDetailMenuTableViewCell.xib in Resources */,
				870F4B2B2858D61700A3F9DF /* Assets.xcassets in Resources */,
				870F4B292858D61600A3F9DF /* Main.storyboard in Resources */,
				875ADCA32859B60C00090308 /* NewCollectionViewCell.xib in Resources */,
				87209607285DC1BC00591385 /* OrderCartTableViewCell.xib in Resources */,
			);
			runOnlyForDeploymentPostprocessing = 0;
		};
/* End PBXResourcesBuildPhase section */

/* Begin PBXShellScriptBuildPhase section */
		0C1D1DE57FC10E7D67CDAA03 /* [CP] Check Pods Manifest.lock */ = {
			isa = PBXShellScriptBuildPhase;
			buildActionMask = 2147483647;
			files = (
			);
			inputFileListPaths = (
			);
			inputPaths = (
				"${PODS_PODFILE_DIR_PATH}/Podfile.lock",
				"${PODS_ROOT}/Manifest.lock",
			);
			name = "[CP] Check Pods Manifest.lock";
			outputFileListPaths = (
			);
			outputPaths = (
				"$(DERIVED_FILE_DIR)/Pods-Clone_Starbucks-checkManifestLockResult.txt",
			);
			runOnlyForDeploymentPostprocessing = 0;
			shellPath = /bin/sh;
			shellScript = "diff \"${PODS_PODFILE_DIR_PATH}/Podfile.lock\" \"${PODS_ROOT}/Manifest.lock\" > /dev/null\nif [ $? != 0 ] ; then\n    # print error to STDERR\n    echo \"error: The sandbox is not in sync with the Podfile.lock. Run 'pod install' or update your CocoaPods installation.\" >&2\n    exit 1\nfi\n# This output is used by Xcode 'outputs' to avoid re-running this script phase.\necho \"SUCCESS\" > \"${SCRIPT_OUTPUT_FILE_0}\"\n";
			showEnvVarsInLog = 0;
		};
		8F4C15A40239006B1A6E2A4C /* [CP] Embed Pods Frameworks */ = {
			isa = PBXShellScriptBuildPhase;
			buildActionMask = 2147483647;
			files = (
			);
			inputFileListPaths = (
				"${PODS_ROOT}/Target Support Files/Pods-Clone_Starbucks/Pods-Clone_Starbucks-frameworks-${CONFIGURATION}-input-files.xcfilelist",
			);
			name = "[CP] Embed Pods Frameworks";
			outputFileListPaths = (
				"${PODS_ROOT}/Target Support Files/Pods-Clone_Starbucks/Pods-Clone_Starbucks-frameworks-${CONFIGURATION}-output-files.xcfilelist",
			);
			runOnlyForDeploymentPostprocessing = 0;
			shellPath = /bin/sh;
			shellScript = "\"${PODS_ROOT}/Target Support Files/Pods-Clone_Starbucks/Pods-Clone_Starbucks-frameworks.sh\"\n";
			showEnvVarsInLog = 0;
		};
/* End PBXShellScriptBuildPhase section */

/* Begin PBXSourcesBuildPhase section */
		870F4B1A2858D61600A3F9DF /* Sources */ = {
			isa = PBXSourcesBuildPhase;
			buildActionMask = 2147483647;
			files = (
				875ADC9F28599C6B00090308 /* HomeViewController.swift in Sources */,
				875ADCCB285B87C500090308 /* OrderDetailMenuViewController.swift in Sources */,
				875ADCA72859BE4300090308 /* HomeNewsDataModel.swift in Sources */,
				87209606285DC1BC00591385 /* OrderCartTableViewCell.swift in Sources */,
				875ADCD5285D568800090308 /* OrderSelectViewController.swift in Sources */,
				875ADCCE285B892E00090308 /* OrderDetailMenuTableViewCell.swift in Sources */,
				875ADCA22859B60C00090308 /* NewCollectionViewCell.swift in Sources */,
				870F4B222858D61600A3F9DF /* AppDelegate.swift in Sources */,
				875ADCD1285B8ABE00090308 /* OrderDetailMenuDataModel.swift in Sources */,
				875ADCC5285B790200090308 /* OrderMenuTableViewCell.swift in Sources */,
				875ADCD9285D709200090308 /* Constant.swift in Sources */,
				875ADCD7285D5A1A00090308 /* PaddingLabel.swift in Sources */,
				87209603285DA8AD00591385 /* OrderCartViewController.swift in Sources */,
				875ADCDB285D8AC200090308 /* OrderOrderViewController.swift in Sources */,
				875ADCC8285B7B9A00090308 /* OrderMenuDataModel.swift in Sources */,
				870F4B242858D61600A3F9DF /* SceneDelegate.swift in Sources */,
				87209609285DC94400591385 /* OrderDataModel.swift in Sources */,
				875ADCBB285B747200090308 /* Extension.swift in Sources */,
				875ADCBF285B75BB00090308 /* OrderViewController.swift in Sources */,
				875ADCD3285B8D3A00090308 /* Protocol.swift in Sources */,
			);
			runOnlyForDeploymentPostprocessing = 0;
		};
/* End PBXSourcesBuildPhase section */

/* Begin PBXVariantGroup section */
		870F4B272858D61600A3F9DF /* Main.storyboard */ = {
			isa = PBXVariantGroup;
			children = (
				870F4B282858D61600A3F9DF /* Base */,
			);
			name = Main.storyboard;
			sourceTree = "<group>";
		};
		870F4B2C2858D61700A3F9DF /* LaunchScreen.storyboard */ = {
			isa = PBXVariantGroup;
			children = (
				870F4B2D2858D61700A3F9DF /* Base */,
			);
			name = LaunchScreen.storyboard;
			sourceTree = "<group>";
		};
/* End PBXVariantGroup section */

/* Begin XCBuildConfiguration section */
		870F4B302858D61700A3F9DF /* Debug */ = {
			isa = XCBuildConfiguration;
			buildSettings = {
				ALWAYS_SEARCH_USER_PATHS = NO;
				CLANG_ANALYZER_NONNULL = YES;
				CLANG_ANALYZER_NUMBER_OBJECT_CONVERSION = YES_AGGRESSIVE;
				CLANG_CXX_LANGUAGE_STANDARD = "gnu++17";
				CLANG_ENABLE_MODULES = YES;
				CLANG_ENABLE_OBJC_ARC = YES;
				CLANG_ENABLE_OBJC_WEAK = YES;
				CLANG_WARN_BLOCK_CAPTURE_AUTORELEASING = YES;
				CLANG_WARN_BOOL_CONVERSION = YES;
				CLANG_WARN_COMMA = YES;
				CLANG_WARN_CONSTANT_CONVERSION = YES;
				CLANG_WARN_DEPRECATED_OBJC_IMPLEMENTATIONS = YES;
				CLANG_WARN_DIRECT_OBJC_ISA_USAGE = YES_ERROR;
				CLANG_WARN_DOCUMENTATION_COMMENTS = YES;
				CLANG_WARN_EMPTY_BODY = YES;
				CLANG_WARN_ENUM_CONVERSION = YES;
				CLANG_WARN_INFINITE_RECURSION = YES;
				CLANG_WARN_INT_CONVERSION = YES;
				CLANG_WARN_NON_LITERAL_NULL_CONVERSION = YES;
				CLANG_WARN_OBJC_IMPLICIT_RETAIN_SELF = YES;
				CLANG_WARN_OBJC_LITERAL_CONVERSION = YES;
				CLANG_WARN_OBJC_ROOT_CLASS = YES_ERROR;
				CLANG_WARN_QUOTED_INCLUDE_IN_FRAMEWORK_HEADER = YES;
				CLANG_WARN_RANGE_LOOP_ANALYSIS = YES;
				CLANG_WARN_STRICT_PROTOTYPES = YES;
				CLANG_WARN_SUSPICIOUS_MOVE = YES;
				CLANG_WARN_UNGUARDED_AVAILABILITY = YES_AGGRESSIVE;
				CLANG_WARN_UNREACHABLE_CODE = YES;
				CLANG_WARN__DUPLICATE_METHOD_MATCH = YES;
				COPY_PHASE_STRIP = NO;
				DEBUG_INFORMATION_FORMAT = dwarf;
				ENABLE_STRICT_OBJC_MSGSEND = YES;
				ENABLE_TESTABILITY = YES;
				GCC_C_LANGUAGE_STANDARD = gnu11;
				GCC_DYNAMIC_NO_PIC = NO;
				GCC_NO_COMMON_BLOCKS = YES;
				GCC_OPTIMIZATION_LEVEL = 0;
				GCC_PREPROCESSOR_DEFINITIONS = (
					"DEBUG=1",
					"$(inherited)",
				);
				GCC_WARN_64_TO_32_BIT_CONVERSION = YES;
				GCC_WARN_ABOUT_RETURN_TYPE = YES_ERROR;
				GCC_WARN_UNDECLARED_SELECTOR = YES;
				GCC_WARN_UNINITIALIZED_AUTOS = YES_AGGRESSIVE;
				GCC_WARN_UNUSED_FUNCTION = YES;
				GCC_WARN_UNUSED_VARIABLE = YES;
				IPHONEOS_DEPLOYMENT_TARGET = 15.4;
				MTL_ENABLE_DEBUG_INFO = INCLUDE_SOURCE;
				MTL_FAST_MATH = YES;
				ONLY_ACTIVE_ARCH = YES;
				SDKROOT = iphoneos;
				SWIFT_ACTIVE_COMPILATION_CONDITIONS = DEBUG;
				SWIFT_OPTIMIZATION_LEVEL = "-Onone";
			};
			name = Debug;
		};
		870F4B312858D61700A3F9DF /* Release */ = {
			isa = XCBuildConfiguration;
			buildSettings = {
				ALWAYS_SEARCH_USER_PATHS = NO;
				CLANG_ANALYZER_NONNULL = YES;
				CLANG_ANALYZER_NUMBER_OBJECT_CONVERSION = YES_AGGRESSIVE;
				CLANG_CXX_LANGUAGE_STANDARD = "gnu++17";
				CLANG_ENABLE_MODULES = YES;
				CLANG_ENABLE_OBJC_ARC = YES;
				CLANG_ENABLE_OBJC_WEAK = YES;
				CLANG_WARN_BLOCK_CAPTURE_AUTORELEASING = YES;
				CLANG_WARN_BOOL_CONVERSION = YES;
				CLANG_WARN_COMMA = YES;
				CLANG_WARN_CONSTANT_CONVERSION = YES;
				CLANG_WARN_DEPRECATED_OBJC_IMPLEMENTATIONS = YES;
				CLANG_WARN_DIRECT_OBJC_ISA_USAGE = YES_ERROR;
				CLANG_WARN_DOCUMENTATION_COMMENTS = YES;
				CLANG_WARN_EMPTY_BODY = YES;
				CLANG_WARN_ENUM_CONVERSION = YES;
				CLANG_WARN_INFINITE_RECURSION = YES;
				CLANG_WARN_INT_CONVERSION = YES;
				CLANG_WARN_NON_LITERAL_NULL_CONVERSION = YES;
				CLANG_WARN_OBJC_IMPLICIT_RETAIN_SELF = YES;
				CLANG_WARN_OBJC_LITERAL_CONVERSION = YES;
				CLANG_WARN_OBJC_ROOT_CLASS = YES_ERROR;
				CLANG_WARN_QUOTED_INCLUDE_IN_FRAMEWORK_HEADER = YES;
				CLANG_WARN_RANGE_LOOP_ANALYSIS = YES;
				CLANG_WARN_STRICT_PROTOTYPES = YES;
				CLANG_WARN_SUSPICIOUS_MOVE = YES;
				CLANG_WARN_UNGUARDED_AVAILABILITY = YES_AGGRESSIVE;
				CLANG_WARN_UNREACHABLE_CODE = YES;
				CLANG_WARN__DUPLICATE_METHOD_MATCH = YES;
				COPY_PHASE_STRIP = NO;
				DEBUG_INFORMATION_FORMAT = "dwarf-with-dsym";
				ENABLE_NS_ASSERTIONS = NO;
				ENABLE_STRICT_OBJC_MSGSEND = YES;
				GCC_C_LANGUAGE_STANDARD = gnu11;
				GCC_NO_COMMON_BLOCKS = YES;
				GCC_WARN_64_TO_32_BIT_CONVERSION = YES;
				GCC_WARN_ABOUT_RETURN_TYPE = YES_ERROR;
				GCC_WARN_UNDECLARED_SELECTOR = YES;
				GCC_WARN_UNINITIALIZED_AUTOS = YES_AGGRESSIVE;
				GCC_WARN_UNUSED_FUNCTION = YES;
				GCC_WARN_UNUSED_VARIABLE = YES;
				IPHONEOS_DEPLOYMENT_TARGET = 15.4;
				MTL_ENABLE_DEBUG_INFO = NO;
				MTL_FAST_MATH = YES;
				SDKROOT = iphoneos;
				SWIFT_COMPILATION_MODE = wholemodule;
				SWIFT_OPTIMIZATION_LEVEL = "-O";
				VALIDATE_PRODUCT = YES;
			};
			name = Release;
		};
		870F4B332858D61700A3F9DF /* Debug */ = {
			isa = XCBuildConfiguration;
			baseConfigurationReference = D4927BF8515DD614FFAB1C59 /* Pods-Clone_Starbucks.debug.xcconfig */;
			buildSettings = {
				ASSETCATALOG_COMPILER_APPICON_NAME = AppIcon;
				ASSETCATALOG_COMPILER_GLOBAL_ACCENT_COLOR_NAME = AccentColor;
				CODE_SIGN_STYLE = Automatic;
				CURRENT_PROJECT_VERSION = 1;
				DEVELOPMENT_TEAM = T6DNHAHXG9;
				GENERATE_INFOPLIST_FILE = YES;
				INFOPLIST_FILE = Clone_Starbucks/Resource/Info.plist;
				INFOPLIST_KEY_UIApplicationSupportsIndirectInputEvents = YES;
				INFOPLIST_KEY_UILaunchStoryboardName = LaunchScreen;
				INFOPLIST_KEY_UIMainStoryboardFile = Main;
				INFOPLIST_KEY_UISupportedInterfaceOrientations_iPad = "UIInterfaceOrientationPortrait UIInterfaceOrientationPortraitUpsideDown UIInterfaceOrientationLandscapeLeft UIInterfaceOrientationLandscapeRight";
				INFOPLIST_KEY_UISupportedInterfaceOrientations_iPhone = "UIInterfaceOrientationPortrait UIInterfaceOrientationLandscapeLeft UIInterfaceOrientationLandscapeRight";
				LD_RUNPATH_SEARCH_PATHS = (
					"$(inherited)",
					"@executable_path/Frameworks",
				);
				MARKETING_VERSION = 1.0;
				PRODUCT_BUNDLE_IDENTIFIER = "com.metlsplit.Clone-Starbucks";
				PRODUCT_NAME = "$(TARGET_NAME)";
				SWIFT_EMIT_LOC_STRINGS = YES;
				SWIFT_VERSION = 5.0;
				TARGETED_DEVICE_FAMILY = "1,2";
			};
			name = Debug;
		};
		870F4B342858D61700A3F9DF /* Release */ = {
			isa = XCBuildConfiguration;
			baseConfigurationReference = 1D6669F8FF1A81D89AB4E5C6 /* Pods-Clone_Starbucks.release.xcconfig */;
			buildSettings = {
				ASSETCATALOG_COMPILER_APPICON_NAME = AppIcon;
				ASSETCATALOG_COMPILER_GLOBAL_ACCENT_COLOR_NAME = AccentColor;
				CODE_SIGN_STYLE = Automatic;
				CURRENT_PROJECT_VERSION = 1;
				DEVELOPMENT_TEAM = T6DNHAHXG9;
				GENERATE_INFOPLIST_FILE = YES;
				INFOPLIST_FILE = Clone_Starbucks/Resource/Info.plist;
				INFOPLIST_KEY_UIApplicationSupportsIndirectInputEvents = YES;
				INFOPLIST_KEY_UILaunchStoryboardName = LaunchScreen;
				INFOPLIST_KEY_UIMainStoryboardFile = Main;
				INFOPLIST_KEY_UISupportedInterfaceOrientations_iPad = "UIInterfaceOrientationPortrait UIInterfaceOrientationPortraitUpsideDown UIInterfaceOrientationLandscapeLeft UIInterfaceOrientationLandscapeRight";
				INFOPLIST_KEY_UISupportedInterfaceOrientations_iPhone = "UIInterfaceOrientationPortrait UIInterfaceOrientationLandscapeLeft UIInterfaceOrientationLandscapeRight";
				LD_RUNPATH_SEARCH_PATHS = (
					"$(inherited)",
					"@executable_path/Frameworks",
				);
				MARKETING_VERSION = 1.0;
				PRODUCT_BUNDLE_IDENTIFIER = "com.metlsplit.Clone-Starbucks";
				PRODUCT_NAME = "$(TARGET_NAME)";
				SWIFT_EMIT_LOC_STRINGS = YES;
				SWIFT_VERSION = 5.0;
				TARGETED_DEVICE_FAMILY = "1,2";
			};
			name = Release;
		};
/* End XCBuildConfiguration section */

/* Begin XCConfigurationList section */
		870F4B192858D61600A3F9DF /* Build configuration list for PBXProject "Clone_Starbucks" */ = {
			isa = XCConfigurationList;
			buildConfigurations = (
				870F4B302858D61700A3F9DF /* Debug */,
				870F4B312858D61700A3F9DF /* Release */,
			);
			defaultConfigurationIsVisible = 0;
			defaultConfigurationName = Release;
		};
		870F4B322858D61700A3F9DF /* Build configuration list for PBXNativeTarget "Clone_Starbucks" */ = {
			isa = XCConfigurationList;
			buildConfigurations = (
				870F4B332858D61700A3F9DF /* Debug */,
				870F4B342858D61700A3F9DF /* Release */,
			);
			defaultConfigurationIsVisible = 0;
			defaultConfigurationName = Release;
		};
/* End XCConfigurationList section */
	};
	rootObject = 870F4B162858D61600A3F9DF /* Project object */;
}
