// !$*UTF8*$!
{
	archiveVersion = 1;
	classes = {
	};
	objectVersion = 55;
	objects = {

/* Begin PBXBuildFile section */
		870F4B222858D61600A3F9DF /* AppDelegate.swift in Sources */ = {isa = PBXBuildFile; fileRef = 870F4B212858D61600A3F9DF /* AppDelegate.swift */; };
		870F4B242858D61600A3F9DF /* SceneDelegate.swift in Sources */ = {isa = PBXBuildFile; fileRef = 870F4B232858D61600A3F9DF /* SceneDelegate.swift */; };
		870F4B262858D61600A3F9DF /* ViewController.swift in Sources */ = {isa = PBXBuildFile; fileRef = 870F4B252858D61600A3F9DF /* ViewController.swift */; };
		870F4B292858D61600A3F9DF /* Main.storyboard in Resources */ = {isa = PBXBuildFile; fileRef = 870F4B272858D61600A3F9DF /* Main.storyboard */; };
		870F4B2B2858D61700A3F9DF /* Assets.xcassets in Resources */ = {isa = PBXBuildFile; fileRef = 870F4B2A2858D61700A3F9DF /* Assets.xcassets */; };
		870F4B2E2858D61700A3F9DF /* LaunchScreen.storyboard in Resources */ = {isa = PBXBuildFile; fileRef = 870F4B2C2858D61700A3F9DF /* LaunchScreen.storyboard */; };
		875ADC9F28599C6B00090308 /* HomeViewController.swift in Sources */ = {isa = PBXBuildFile; fileRef = 875ADC9E28599C6B00090308 /* HomeViewController.swift */; };
		875ADCA22859B60C00090308 /* NewCollectionViewCell.swift in Sources */ = {isa = PBXBuildFile; fileRef = 875ADCA02859B60C00090308 /* NewCollectionViewCell.swift */; };
		875ADCA32859B60C00090308 /* NewCollectionViewCell.xib in Resources */ = {isa = PBXBuildFile; fileRef = 875ADCA12859B60C00090308 /* NewCollectionViewCell.xib */; };
		875ADCA72859BE4300090308 /* HomeNewsDataModel.swift in Sources */ = {isa = PBXBuildFile; fileRef = 875ADCA62859BE4300090308 /* HomeNewsDataModel.swift */; };
		87A3216028595EA300869C0B /* SecondViewController.swift in Sources */ = {isa = PBXBuildFile; fileRef = 87A3215F28595EA200869C0B /* SecondViewController.swift */; };
/* End PBXBuildFile section */

/* Begin PBXFileReference section */
		870F4B1E2858D61600A3F9DF /* Clone_Starbucks.app */ = {isa = PBXFileReference; explicitFileType = wrapper.application; includeInIndex = 0; path = Clone_Starbucks.app; sourceTree = BUILT_PRODUCTS_DIR; };
		870F4B212858D61600A3F9DF /* AppDelegate.swift */ = {isa = PBXFileReference; lastKnownFileType = sourcecode.swift; path = AppDelegate.swift; sourceTree = "<group>"; };
		870F4B232858D61600A3F9DF /* SceneDelegate.swift */ = {isa = PBXFileReference; lastKnownFileType = sourcecode.swift; path = SceneDelegate.swift; sourceTree = "<group>"; };
		870F4B252858D61600A3F9DF /* ViewController.swift */ = {isa = PBXFileReference; lastKnownFileType = sourcecode.swift; path = ViewController.swift; sourceTree = "<group>"; };
		870F4B282858D61600A3F9DF /* Base */ = {isa = PBXFileReference; lastKnownFileType = file.storyboard; name = Base; path = Base.lproj/Main.storyboard; sourceTree = "<group>"; };
		870F4B2A2858D61700A3F9DF /* Assets.xcassets */ = {isa = PBXFileReference; lastKnownFileType = folder.assetcatalog; path = Assets.xcassets; sourceTree = "<group>"; };
		870F4B2D2858D61700A3F9DF /* Base */ = {isa = PBXFileReference; lastKnownFileType = file.storyboard; name = Base; path = Base.lproj/LaunchScreen.storyboard; sourceTree = "<group>"; };
		870F4B2F2858D61700A3F9DF /* Info.plist */ = {isa = PBXFileReference; lastKnownFileType = text.plist.xml; path = Info.plist; sourceTree = "<group>"; };
		875ADC9E28599C6B00090308 /* HomeViewController.swift */ = {isa = PBXFileReference; lastKnownFileType = sourcecode.swift; path = HomeViewController.swift; sourceTree = "<group>"; };
		875ADCA02859B60C00090308 /* NewCollectionViewCell.swift */ = {isa = PBXFileReference; lastKnownFileType = sourcecode.swift; path = NewCollectionViewCell.swift; sourceTree = "<group>"; };
		875ADCA12859B60C00090308 /* NewCollectionViewCell.xib */ = {isa = PBXFileReference; lastKnownFileType = file.xib; path = NewCollectionViewCell.xib; sourceTree = "<group>"; };
		875ADCA62859BE4300090308 /* HomeNewsDataModel.swift */ = {isa = PBXFileReference; lastKnownFileType = sourcecode.swift; path = HomeNewsDataModel.swift; sourceTree = "<group>"; };
		87A3215F28595EA200869C0B /* SecondViewController.swift */ = {isa = PBXFileReference; lastKnownFileType = sourcecode.swift; path = SecondViewController.swift; sourceTree = "<group>"; };
/* End PBXFileReference section */

/* Begin PBXFrameworksBuildPhase section */
		870F4B1B2858D61600A3F9DF /* Frameworks */ = {
			isa = PBXFrameworksBuildPhase;
			buildActionMask = 2147483647;
			files = (
			);
			runOnlyForDeploymentPostprocessing = 0;
		};
/* End PBXFrameworksBuildPhase section */

/* Begin PBXGroup section */
		870F4B152858D61600A3F9DF = {
			isa = PBXGroup;
			children = (
				870F4B202858D61600A3F9DF /* Clone_Starbucks */,
				870F4B1F2858D61600A3F9DF /* Products */,
			);
			sourceTree = "<group>";
		};
		870F4B1F2858D61600A3F9DF /* Products */ = {
			isa = PBXGroup;
			children = (
				870F4B1E2858D61600A3F9DF /* Clone_Starbucks.app */,
			);
			name = Products;
			sourceTree = "<group>";
		};
		870F4B202858D61600A3F9DF /* Clone_Starbucks */ = {
			isa = PBXGroup;
			children = (
				870F4B36285957BD00A3F9DF /* Source */,
				870F4B35285957B200A3F9DF /* Resource */,
				870F4B252858D61600A3F9DF /* ViewController.swift */,
				87A3215F28595EA200869C0B /* SecondViewController.swift */,
			);
			path = Clone_Starbucks;
			sourceTree = "<group>";
		};
		870F4B35285957B200A3F9DF /* Resource */ = {
			isa = PBXGroup;
			children = (
				870F4B2A2858D61700A3F9DF /* Assets.xcassets */,
				870F4B2F2858D61700A3F9DF /* Info.plist */,
			);
			path = Resource;
			sourceTree = "<group>";
		};
		870F4B36285957BD00A3F9DF /* Source */ = {
			isa = PBXGroup;
			children = (
				870F4B382859580E00A3F9DF /* Screen */,
				870F4B372859580100A3F9DF /* Support */,
			);
			path = Source;
			sourceTree = "<group>";
		};
		870F4B372859580100A3F9DF /* Support */ = {
			isa = PBXGroup;
			children = (
				870F4B2C2858D61700A3F9DF /* LaunchScreen.storyboard */,
				870F4B232858D61600A3F9DF /* SceneDelegate.swift */,
				870F4B212858D61600A3F9DF /* AppDelegate.swift */,
			);
			name = Support;
			path = ../Source/Support;
			sourceTree = "<group>";
		};
		870F4B382859580E00A3F9DF /* Screen */ = {
			isa = PBXGroup;
			children = (
				870F4B272858D61600A3F9DF /* Main.storyboard */,
				875ADCA82859F0FB00090308 /* Home */,
			);
			name = Screen;
			path = ../Source/Screen;
			sourceTree = "<group>";
		};
		875ADCA42859B61000090308 /* Cell */ = {
			isa = PBXGroup;
			children = (
				875ADCA02859B60C00090308 /* NewCollectionViewCell.swift */,
				875ADCA12859B60C00090308 /* NewCollectionViewCell.xib */,
			);
			path = Cell;
			sourceTree = "<group>";
		};
		875ADCA52859BE2E00090308 /* Model */ = {
			isa = PBXGroup;
			children = (
				875ADCA62859BE4300090308 /* HomeNewsDataModel.swift */,
			);
			path = Model;
			sourceTree = "<group>";
		};
		875ADCA82859F0FB00090308 /* Home */ = {
			isa = PBXGroup;
			children = (
				875ADCA52859BE2E00090308 /* Model */,
				875ADCA92859F10700090308 /* View */,
				875ADCAA2859F10F00090308 /* Controller */,
			);
			path = Home;
			sourceTree = "<group>";
		};
		875ADCA92859F10700090308 /* View */ = {
			isa = PBXGroup;
			children = (
				875ADCA42859B61000090308 /* Cell */,
			);
			path = View;
			sourceTree = "<group>";
		};
		875ADCAA2859F10F00090308 /* Controller */ = {
			isa = PBXGroup;
			children = (
				875ADC9E28599C6B00090308 /* HomeViewController.swift */,
			);
			path = Controller;
			sourceTree = "<group>";
		};
/* End PBXGroup section */

/* Begin PBXNativeTarget section */
		870F4B1D2858D61600A3F9DF /* Clone_Starbucks */ = {
			isa = PBXNativeTarget;
			buildConfigurationList = 870F4B322858D61700A3F9DF /* Build configuration list for PBXNativeTarget "Clone_Starbucks" */;
			buildPhases = (
				870F4B1A2858D61600A3F9DF /* Sources */,
				870F4B1B2858D61600A3F9DF /* Frameworks */,
				870F4B1C2858D61600A3F9DF /* Resources */,
			);
			buildRules = (
			);
			dependencies = (
			);
			name = Clone_Starbucks;
			productName = Clone_Starbucks;
			productReference = 870F4B1E2858D61600A3F9DF /* Clone_Starbucks.app */;
			productType = "com.apple.product-type.application";
		};
/* End PBXNativeTarget section */

/* Begin PBXProject section */
		870F4B162858D61600A3F9DF /* Project object */ = {
			isa = PBXProject;
			attributes = {
				BuildIndependentTargetsInParallel = 1;
				LastSwiftUpdateCheck = 1330;
				LastUpgradeCheck = 1330;
				TargetAttributes = {
					870F4B1D2858D61600A3F9DF = {
						CreatedOnToolsVersion = 13.3.1;
					};
				};
			};
			buildConfigurationList = 870F4B192858D61600A3F9DF /* Build configuration list for PBXProject "Clone_Starbucks" */;
			compatibilityVersion = "Xcode 13.0";
			developmentRegion = en;
			hasScannedForEncodings = 0;
			knownRegions = (
				en,
				Base,
			);
			mainGroup = 870F4B152858D61600A3F9DF;
			productRefGroup = 870F4B1F2858D61600A3F9DF /* Products */;
			projectDirPath = "";
			projectRoot = "";
			targets = (
				870F4B1D2858D61600A3F9DF /* Clone_Starbucks */,
			);
		};
/* End PBXProject section */

/* Begin PBXResourcesBuildPhase section */
		870F4B1C2858D61600A3F9DF /* Resources */ = {
			isa = PBXResourcesBuildPhase;
			buildActionMask = 2147483647;
			files = (
				870F4B2E2858D61700A3F9DF /* LaunchScreen.storyboard in Resources */,
				870F4B2B2858D61700A3F9DF /* Assets.xcassets in Resources */,
				870F4B292858D61600A3F9DF /* Main.storyboard in Resources */,
				875ADCA32859B60C00090308 /* NewCollectionViewCell.xib in Resources */,
			);
			runOnlyForDeploymentPostprocessing = 0;
		};
/* End PBXResourcesBuildPhase section */

/* Begin PBXSourcesBuildPhase section */
		870F4B1A2858D61600A3F9DF /* Sources */ = {
			isa = PBXSourcesBuildPhase;
			buildActionMask = 2147483647;
			files = (
				875ADC9F28599C6B00090308 /* HomeViewController.swift in Sources */,
				875ADCA72859BE4300090308 /* HomeNewsDataModel.swift in Sources */,
				87A3216028595EA300869C0B /* SecondViewController.swift in Sources */,
				870F4B262858D61600A3F9DF /* ViewController.swift in Sources */,
				875ADCA22859B60C00090308 /* NewCollectionViewCell.swift in Sources */,
				870F4B222858D61600A3F9DF /* AppDelegate.swift in Sources */,
				870F4B242858D61600A3F9DF /* SceneDelegate.swift in Sources */,
			);
			runOnlyForDeploymentPostprocessing = 0;
		};
/* End PBXSourcesBuildPhase section */

/* Begin PBXVariantGroup section */
		870F4B272858D61600A3F9DF /* Main.storyboard */ = {
			isa = PBXVariantGroup;
			children = (
				870F4B282858D61600A3F9DF /* Base */,
			);
			name = Main.storyboard;
			sourceTree = "<group>";
		};
		870F4B2C2858D61700A3F9DF /* LaunchScreen.storyboard */ = {
			isa = PBXVariantGroup;
			children = (
				870F4B2D2858D61700A3F9DF /* Base */,
			);
			name = LaunchScreen.storyboard;
			sourceTree = "<group>";
		};
/* End PBXVariantGroup section */

/* Begin XCBuildConfiguration section */
		870F4B302858D61700A3F9DF /* Debug */ = {
			isa = XCBuildConfiguration;
			buildSettings = {
				ALWAYS_SEARCH_USER_PATHS = NO;
				CLANG_ANALYZER_NONNULL = YES;
				CLANG_ANALYZER_NUMBER_OBJECT_CONVERSION = YES_AGGRESSIVE;
				CLANG_CXX_LANGUAGE_STANDARD = "gnu++17";
				CLANG_ENABLE_MODULES = YES;
				CLANG_ENABLE_OBJC_ARC = YES;
				CLANG_ENABLE_OBJC_WEAK = YES;
				CLANG_WARN_BLOCK_CAPTURE_AUTORELEASING = YES;
				CLANG_WARN_BOOL_CONVERSION = YES;
				CLANG_WARN_COMMA = YES;
				CLANG_WARN_CONSTANT_CONVERSION = YES;
				CLANG_WARN_DEPRECATED_OBJC_IMPLEMENTATIONS = YES;
				CLANG_WARN_DIRECT_OBJC_ISA_USAGE = YES_ERROR;
				CLANG_WARN_DOCUMENTATION_COMMENTS = YES;
				CLANG_WARN_EMPTY_BODY = YES;
				CLANG_WARN_ENUM_CONVERSION = YES;
				CLANG_WARN_INFINITE_RECURSION = YES;
				CLANG_WARN_INT_CONVERSION = YES;
				CLANG_WARN_NON_LITERAL_NULL_CONVERSION = YES;
				CLANG_WARN_OBJC_IMPLICIT_RETAIN_SELF = YES;
				CLANG_WARN_OBJC_LITERAL_CONVERSION = YES;
				CLANG_WARN_OBJC_ROOT_CLASS = YES_ERROR;
				CLANG_WARN_QUOTED_INCLUDE_IN_FRAMEWORK_HEADER = YES;
				CLANG_WARN_RANGE_LOOP_ANALYSIS = YES;
				CLANG_WARN_STRICT_PROTOTYPES = YES;
				CLANG_WARN_SUSPICIOUS_MOVE = YES;
				CLANG_WARN_UNGUARDED_AVAILABILITY = YES_AGGRESSIVE;
				CLANG_WARN_UNREACHABLE_CODE = YES;
				CLANG_WARN__DUPLICATE_METHOD_MATCH = YES;
				COPY_PHASE_STRIP = NO;
				DEBUG_INFORMATION_FORMAT = dwarf;
				ENABLE_STRICT_OBJC_MSGSEND = YES;
				ENABLE_TESTABILITY = YES;
				GCC_C_LANGUAGE_STANDARD = gnu11;
				GCC_DYNAMIC_NO_PIC = NO;
				GCC_NO_COMMON_BLOCKS = YES;
				GCC_OPTIMIZATION_LEVEL = 0;
				GCC_PREPROCESSOR_DEFINITIONS = (
					"DEBUG=1",
					"$(inherited)",
				);
				GCC_WARN_64_TO_32_BIT_CONVERSION = YES;
				GCC_WARN_ABOUT_RETURN_TYPE = YES_ERROR;
				GCC_WARN_UNDECLARED_SELECTOR = YES;
				GCC_WARN_UNINITIALIZED_AUTOS = YES_AGGRESSIVE;
				GCC_WARN_UNUSED_FUNCTION = YES;
				GCC_WARN_UNUSED_VARIABLE = YES;
				IPHONEOS_DEPLOYMENT_TARGET = 15.4;
				MTL_ENABLE_DEBUG_INFO = INCLUDE_SOURCE;
				MTL_FAST_MATH = YES;
				ONLY_ACTIVE_ARCH = YES;
				SDKROOT = iphoneos;
				SWIFT_ACTIVE_COMPILATION_CONDITIONS = DEBUG;
				SWIFT_OPTIMIZATION_LEVEL = "-Onone";
			};
			name = Debug;
		};
		870F4B312858D61700A3F9DF /* Release */ = {
			isa = XCBuildConfiguration;
			buildSettings = {
				ALWAYS_SEARCH_USER_PATHS = NO;
				CLANG_ANALYZER_NONNULL = YES;
				CLANG_ANALYZER_NUMBER_OBJECT_CONVERSION = YES_AGGRESSIVE;
				CLANG_CXX_LANGUAGE_STANDARD = "gnu++17";
				CLANG_ENABLE_MODULES = YES;
				CLANG_ENABLE_OBJC_ARC = YES;
				CLANG_ENABLE_OBJC_WEAK = YES;
				CLANG_WARN_BLOCK_CAPTURE_AUTORELEASING = YES;
				CLANG_WARN_BOOL_CONVERSION = YES;
				CLANG_WARN_COMMA = YES;
				CLANG_WARN_CONSTANT_CONVERSION = YES;
				CLANG_WARN_DEPRECATED_OBJC_IMPLEMENTATIONS = YES;
				CLANG_WARN_DIRECT_OBJC_ISA_USAGE = YES_ERROR;
				CLANG_WARN_DOCUMENTATION_COMMENTS = YES;
				CLANG_WARN_EMPTY_BODY = YES;
				CLANG_WARN_ENUM_CONVERSION = YES;
				CLANG_WARN_INFINITE_RECURSION = YES;
				CLANG_WARN_INT_CONVERSION = YES;
				CLANG_WARN_NON_LITERAL_NULL_CONVERSION = YES;
				CLANG_WARN_OBJC_IMPLICIT_RETAIN_SELF = YES;
				CLANG_WARN_OBJC_LITERAL_CONVERSION = YES;
				CLANG_WARN_OBJC_ROOT_CLASS = YES_ERROR;
				CLANG_WARN_QUOTED_INCLUDE_IN_FRAMEWORK_HEADER = YES;
				CLANG_WARN_RANGE_LOOP_ANALYSIS = YES;
				CLANG_WARN_STRICT_PROTOTYPES = YES;
				CLANG_WARN_SUSPICIOUS_MOVE = YES;
				CLANG_WARN_UNGUARDED_AVAILABILITY = YES_AGGRESSIVE;
				CLANG_WARN_UNREACHABLE_CODE = YES;
				CLANG_WARN__DUPLICATE_METHOD_MATCH = YES;
				COPY_PHASE_STRIP = NO;
				DEBUG_INFORMATION_FORMAT = "dwarf-with-dsym";
				ENABLE_NS_ASSERTIONS = NO;
				ENABLE_STRICT_OBJC_MSGSEND = YES;
				GCC_C_LANGUAGE_STANDARD = gnu11;
				GCC_NO_COMMON_BLOCKS = YES;
				GCC_WARN_64_TO_32_BIT_CONVERSION = YES;
				GCC_WARN_ABOUT_RETURN_TYPE = YES_ERROR;
				GCC_WARN_UNDECLARED_SELECTOR = YES;
				GCC_WARN_UNINITIALIZED_AUTOS = YES_AGGRESSIVE;
				GCC_WARN_UNUSED_FUNCTION = YES;
				GCC_WARN_UNUSED_VARIABLE = YES;
				IPHONEOS_DEPLOYMENT_TARGET = 15.4;
				MTL_ENABLE_DEBUG_INFO = NO;
				MTL_FAST_MATH = YES;
				SDKROOT = iphoneos;
				SWIFT_COMPILATION_MODE = wholemodule;
				SWIFT_OPTIMIZATION_LEVEL = "-O";
				VALIDATE_PRODUCT = YES;
			};
			name = Release;
		};
		870F4B332858D61700A3F9DF /* Debug */ = {
			isa = XCBuildConfiguration;
			buildSettings = {
				ASSETCATALOG_COMPILER_APPICON_NAME = AppIcon;
				ASSETCATALOG_COMPILER_GLOBAL_ACCENT_COLOR_NAME = AccentColor;
				CODE_SIGN_STYLE = Automatic;
				CURRENT_PROJECT_VERSION = 1;
				DEVELOPMENT_TEAM = T6DNHAHXG9;
				GENERATE_INFOPLIST_FILE = YES;
				INFOPLIST_FILE = Clone_Starbucks/Resource/Info.plist;
				INFOPLIST_KEY_UIApplicationSupportsIndirectInputEvents = YES;
				INFOPLIST_KEY_UILaunchStoryboardName = LaunchScreen;
				INFOPLIST_KEY_UIMainStoryboardFile = Main;
				INFOPLIST_KEY_UISupportedInterfaceOrientations_iPad = "UIInterfaceOrientationPortrait UIInterfaceOrientationPortraitUpsideDown UIInterfaceOrientationLandscapeLeft UIInterfaceOrientationLandscapeRight";
				INFOPLIST_KEY_UISupportedInterfaceOrientations_iPhone = "UIInterfaceOrientationPortrait UIInterfaceOrientationLandscapeLeft UIInterfaceOrientationLandscapeRight";
				LD_RUNPATH_SEARCH_PATHS = (
					"$(inherited)",
					"@executable_path/Frameworks",
				);
				MARKETING_VERSION = 1.0;
				PRODUCT_BUNDLE_IDENTIFIER = "com.metlsplit.Clone-Starbucks";
				PRODUCT_NAME = "$(TARGET_NAME)";
				SWIFT_EMIT_LOC_STRINGS = YES;
				SWIFT_VERSION = 5.0;
				TARGETED_DEVICE_FAMILY = "1,2";
			};
			name = Debug;
		};
		870F4B342858D61700A3F9DF /* Release */ = {
			isa = XCBuildConfiguration;
			buildSettings = {
				ASSETCATALOG_COMPILER_APPICON_NAME = AppIcon;
				ASSETCATALOG_COMPILER_GLOBAL_ACCENT_COLOR_NAME = AccentColor;
				CODE_SIGN_STYLE = Automatic;
				CURRENT_PROJECT_VERSION = 1;
				DEVELOPMENT_TEAM = T6DNHAHXG9;
				GENERATE_INFOPLIST_FILE = YES;
				INFOPLIST_FILE = Clone_Starbucks/Resource/Info.plist;
				INFOPLIST_KEY_UIApplicationSupportsIndirectInputEvents = YES;
				INFOPLIST_KEY_UILaunchStoryboardName = LaunchScreen;
				INFOPLIST_KEY_UIMainStoryboardFile = Main;
				INFOPLIST_KEY_UISupportedInterfaceOrientations_iPad = "UIInterfaceOrientationPortrait UIInterfaceOrientationPortraitUpsideDown UIInterfaceOrientationLandscapeLeft UIInterfaceOrientationLandscapeRight";
				INFOPLIST_KEY_UISupportedInterfaceOrientations_iPhone = "UIInterfaceOrientationPortrait UIInterfaceOrientationLandscapeLeft UIInterfaceOrientationLandscapeRight";
				LD_RUNPATH_SEARCH_PATHS = (
					"$(inherited)",
					"@executable_path/Frameworks",
				);
				MARKETING_VERSION = 1.0;
				PRODUCT_BUNDLE_IDENTIFIER = "com.metlsplit.Clone-Starbucks";
				PRODUCT_NAME = "$(TARGET_NAME)";
				SWIFT_EMIT_LOC_STRINGS = YES;
				SWIFT_VERSION = 5.0;
				TARGETED_DEVICE_FAMILY = "1,2";
			};
			name = Release;
		};
/* End XCBuildConfiguration section */

/* Begin XCConfigurationList section */
		870F4B192858D61600A3F9DF /* Build configuration list for PBXProject "Clone_Starbucks" */ = {
			isa = XCConfigurationList;
			buildConfigurations = (
				870F4B302858D61700A3F9DF /* Debug */,
				870F4B312858D61700A3F9DF /* Release */,
			);
			defaultConfigurationIsVisible = 0;
			defaultConfigurationName = Release;
		};
		870F4B322858D61700A3F9DF /* Build configuration list for PBXNativeTarget "Clone_Starbucks" */ = {
			isa = XCConfigurationList;
			buildConfigurations = (
				870F4B332858D61700A3F9DF /* Debug */,
				870F4B342858D61700A3F9DF /* Release */,
			);
			defaultConfigurationIsVisible = 0;
			defaultConfigurationName = Release;
		};
/* End XCConfigurationList section */
	};
	rootObject = 870F4B162858D61600A3F9DF /* Project object */;
}
